// !$*UTF8*$!
{
	archiveVersion = 1;
	classes = {
	};
	objectVersion = 56;
	objects = {

/* Begin PBXBuildFile section */
		B3467BE32B85BF7B0061B896 /* LaunchScreen.storyboard in Resources */ = {isa = PBXBuildFile; fileRef = B3467BE22B85BF7B0061B896 /* LaunchScreen.storyboard */; };
		B36F76DF2B901EE5001A8B62 /* Double+Extensions.swift in Sources */ = {isa = PBXBuildFile; fileRef = B36F76DE2B901EE5001A8B62 /* Double+Extensions.swift */; };
		B3A043042B8880E3003E49FA /* Date+Extensions.swift in Sources */ = {isa = PBXBuildFile; fileRef = B3A043032B8880E3003E49FA /* Date+Extensions.swift */; };
		B3A9F52A2B900428006B5998 /* Int+Extensions.swift in Sources */ = {isa = PBXBuildFile; fileRef = B3A9F5292B900428006B5998 /* Int+Extensions.swift */; };
		B3A9F5472B90054A006B5998 /* Tab.swift in Sources */ = {isa = PBXBuildFile; fileRef = B3A9F53B2B90054A006B5998 /* Tab.swift */; };
		B3A9F5482B90054A006B5998 /* Path.swift in Sources */ = {isa = PBXBuildFile; fileRef = B3A9F53D2B90054A006B5998 /* Path.swift */; };
		B3A9F5492B90054A006B5998 /* PathType.swift in Sources */ = {isa = PBXBuildFile; fileRef = B3A9F53E2B90054A006B5998 /* PathType.swift */; };
		B3A9F54A2B90054A006B5998 /* Time.swift in Sources */ = {isa = PBXBuildFile; fileRef = B3A9F5402B90054A006B5998 /* Time.swift */; };
		B3A9F54B2B90054A006B5998 /* Todo.swift in Sources */ = {isa = PBXBuildFile; fileRef = B3A9F5422B90054A006B5998 /* Todo.swift */; };
		B3A9F54C2B90054A006B5998 /* Memo.swift in Sources */ = {isa = PBXBuildFile; fileRef = B3A9F5442B90054A006B5998 /* Memo.swift */; };
		B3A9F54D2B90054A006B5998 /* OnboardingContent.swift in Sources */ = {isa = PBXBuildFile; fileRef = B3A9F5462B90054A006B5998 /* OnboardingContent.swift */; };
		B3A9F5692B9005A1006B5998 /* HomeViewModel.swift in Sources */ = {isa = PBXBuildFile; fileRef = B3A9F5502B9005A1006B5998 /* HomeViewModel.swift */; };
		B3A9F56A2B9005A1006B5998 /* HomeView.swift in Sources */ = {isa = PBXBuildFile; fileRef = B3A9F5512B9005A1006B5998 /* HomeView.swift */; };
		B3A9F56B2B9005A1006B5998 /* TimerView.swift in Sources */ = {isa = PBXBuildFile; fileRef = B3A9F5532B9005A1006B5998 /* TimerView.swift */; };
		B3A9F56C2B9005A1006B5998 /* TimerViewModel.swift in Sources */ = {isa = PBXBuildFile; fileRef = B3A9F5542B9005A1006B5998 /* TimerViewModel.swift */; };
		B3A9F56D2B9005A1006B5998 /* MemoListViewModel.swift in Sources */ = {isa = PBXBuildFile; fileRef = B3A9F5562B9005A1006B5998 /* MemoListViewModel.swift */; };
		B3A9F56E2B9005A1006B5998 /* MemoViewModel.swift in Sources */ = {isa = PBXBuildFile; fileRef = B3A9F5582B9005A1006B5998 /* MemoViewModel.swift */; };
		B3A9F56F2B9005A1006B5998 /* MemoView.swift in Sources */ = {isa = PBXBuildFile; fileRef = B3A9F5592B9005A1006B5998 /* MemoView.swift */; };
		B3A9F5702B9005A1006B5998 /* MemoListView.swift in Sources */ = {isa = PBXBuildFile; fileRef = B3A9F55A2B9005A1006B5998 /* MemoListView.swift */; };
		B3A9F5712B9005A1006B5998 /* TodoView.swift in Sources */ = {isa = PBXBuildFile; fileRef = B3A9F55D2B9005A1006B5998 /* TodoView.swift */; };
		B3A9F5722B9005A1006B5998 /* TodoViewModel.swift in Sources */ = {isa = PBXBuildFile; fileRef = B3A9F55E2B9005A1006B5998 /* TodoViewModel.swift */; };
		B3A9F5732B9005A1006B5998 /* TodoListVIew.swift in Sources */ = {isa = PBXBuildFile; fileRef = B3A9F55F2B9005A1006B5998 /* TodoListVIew.swift */; };
		B3A9F5742B9005A1006B5998 /* TodoListViewModel.swift in Sources */ = {isa = PBXBuildFile; fileRef = B3A9F5602B9005A1006B5998 /* TodoListViewModel.swift */; };
		B3A9F5752B9005A1006B5998 /* SettingView.swift in Sources */ = {isa = PBXBuildFile; fileRef = B3A9F5622B9005A1006B5998 /* SettingView.swift */; };
		B3A9F5762B9005A1006B5998 /* VoiceRecorderViewModel.swift in Sources */ = {isa = PBXBuildFile; fileRef = B3A9F5642B9005A1006B5998 /* VoiceRecorderViewModel.swift */; };
		B3A9F5772B9005A1006B5998 /* VoiceRecorderView.swift in Sources */ = {isa = PBXBuildFile; fileRef = B3A9F5652B9005A1006B5998 /* VoiceRecorderView.swift */; };
		B3A9F5782B9005A1006B5998 /* OnboardingView.swift in Sources */ = {isa = PBXBuildFile; fileRef = B3A9F5672B9005A1006B5998 /* OnboardingView.swift */; };
		B3A9F5792B9005A1006B5998 /* OnboardingViewModel.swift in Sources */ = {isa = PBXBuildFile; fileRef = B3A9F5682B9005A1006B5998 /* OnboardingViewModel.swift */; };
		B3AE7AC42B86C51800A15CE2 /* CustomNavigationBar.swift in Sources */ = {isa = PBXBuildFile; fileRef = B3AE7AC32B86C51800A15CE2 /* CustomNavigationBar.swift */; };
		B3AE7AC62B86C56B00A15CE2 /* NavigationBtnType.swift in Sources */ = {isa = PBXBuildFile; fileRef = B3AE7AC52B86C56B00A15CE2 /* NavigationBtnType.swift */; };
		B3B0121F2B857A4900C4A734 /* voiceMemoApp.swift in Sources */ = {isa = PBXBuildFile; fileRef = B3B0121E2B857A4900C4A734 /* voiceMemoApp.swift */; };
		B3B012212B857A4900C4A734 /* ContentView.swift in Sources */ = {isa = PBXBuildFile; fileRef = B3B012202B857A4900C4A734 /* ContentView.swift */; };
		B3B012232B857A4A00C4A734 /* Assets.xcassets in Resources */ = {isa = PBXBuildFile; fileRef = B3B012222B857A4A00C4A734 /* Assets.xcassets */; };
		B3B012262B857A4A00C4A734 /* Preview Assets.xcassets in Resources */ = {isa = PBXBuildFile; fileRef = B3B012252B857A4A00C4A734 /* Preview Assets.xcassets */; };
		B3B012302B857A4A00C4A734 /* voiceMemoTests.swift in Sources */ = {isa = PBXBuildFile; fileRef = B3B0122F2B857A4A00C4A734 /* voiceMemoTests.swift */; };
		B3B0123A2B857A4A00C4A734 /* voiceMemoUITests.swift in Sources */ = {isa = PBXBuildFile; fileRef = B3B012392B857A4A00C4A734 /* voiceMemoUITests.swift */; };
		B3B0123C2B857A4A00C4A734 /* voiceMemoUITestsLaunchTests.swift in Sources */ = {isa = PBXBuildFile; fileRef = B3B0123B2B857A4A00C4A734 /* voiceMemoUITestsLaunchTests.swift */; };
		B3B0124F2B858B6C00C4A734 /* Color+extensions.swift in Sources */ = {isa = PBXBuildFile; fileRef = B3B0124E2B858B6C00C4A734 /* Color+extensions.swift */; };
		B3B012602B85B67D00C4A734 /* AppDelegate.swift in Sources */ = {isa = PBXBuildFile; fileRef = B3B0125F2B85B67D00C4A734 /* AppDelegate.swift */; };
		B3B012642B85B71500C4A734 /* NotificationService.swift in Sources */ = {isa = PBXBuildFile; fileRef = B3B012632B85B71500C4A734 /* NotificationService.swift */; };
/* End PBXBuildFile section */

/* Begin PBXContainerItemProxy section */
		B3B0122C2B857A4A00C4A734 /* PBXContainerItemProxy */ = {
			isa = PBXContainerItemProxy;
			containerPortal = B3B012132B857A4900C4A734 /* Project object */;
			proxyType = 1;
			remoteGlobalIDString = B3B0121A2B857A4900C4A734;
			remoteInfo = voiceMemo;
		};
		B3B012362B857A4A00C4A734 /* PBXContainerItemProxy */ = {
			isa = PBXContainerItemProxy;
			containerPortal = B3B012132B857A4900C4A734 /* Project object */;
			proxyType = 1;
			remoteGlobalIDString = B3B0121A2B857A4900C4A734;
			remoteInfo = voiceMemo;
		};
/* End PBXContainerItemProxy section */

/* Begin PBXFileReference section */
		B3467BE22B85BF7B0061B896 /* LaunchScreen.storyboard */ = {isa = PBXFileReference; lastKnownFileType = file.storyboard; path = LaunchScreen.storyboard; sourceTree = "<group>"; };
		B36F76DE2B901EE5001A8B62 /* Double+Extensions.swift */ = {isa = PBXFileReference; lastKnownFileType = sourcecode.swift; path = "Double+Extensions.swift"; sourceTree = "<group>"; };
		B3A043032B8880E3003E49FA /* Date+Extensions.swift */ = {isa = PBXFileReference; lastKnownFileType = sourcecode.swift; path = "Date+Extensions.swift"; sourceTree = "<group>"; };
		B3A9F5292B900428006B5998 /* Int+Extensions.swift */ = {isa = PBXFileReference; fileEncoding = 4; lastKnownFileType = sourcecode.swift; path = "Int+Extensions.swift"; sourceTree = "<group>"; };
		B3A9F53B2B90054A006B5998 /* Tab.swift */ = {isa = PBXFileReference; fileEncoding = 4; lastKnownFileType = sourcecode.swift; path = Tab.swift; sourceTree = "<group>"; };
		B3A9F53D2B90054A006B5998 /* Path.swift */ = {isa = PBXFileReference; fileEncoding = 4; lastKnownFileType = sourcecode.swift; path = Path.swift; sourceTree = "<group>"; };
		B3A9F53E2B90054A006B5998 /* PathType.swift */ = {isa = PBXFileReference; fileEncoding = 4; lastKnownFileType = sourcecode.swift; path = PathType.swift; sourceTree = "<group>"; };
		B3A9F5402B90054A006B5998 /* Time.swift */ = {isa = PBXFileReference; fileEncoding = 4; lastKnownFileType = sourcecode.swift; path = Time.swift; sourceTree = "<group>"; };
		B3A9F5422B90054A006B5998 /* Todo.swift */ = {isa = PBXFileReference; fileEncoding = 4; lastKnownFileType = sourcecode.swift; path = Todo.swift; sourceTree = "<group>"; };
		B3A9F5442B90054A006B5998 /* Memo.swift */ = {isa = PBXFileReference; fileEncoding = 4; lastKnownFileType = sourcecode.swift; path = Memo.swift; sourceTree = "<group>"; };
		B3A9F5462B90054A006B5998 /* OnboardingContent.swift */ = {isa = PBXFileReference; fileEncoding = 4; lastKnownFileType = sourcecode.swift; path = OnboardingContent.swift; sourceTree = "<group>"; };
		B3A9F5502B9005A1006B5998 /* HomeViewModel.swift */ = {isa = PBXFileReference; fileEncoding = 4; lastKnownFileType = sourcecode.swift; path = HomeViewModel.swift; sourceTree = "<group>"; };
		B3A9F5512B9005A1006B5998 /* HomeView.swift */ = {isa = PBXFileReference; fileEncoding = 4; lastKnownFileType = sourcecode.swift; path = HomeView.swift; sourceTree = "<group>"; };
		B3A9F5532B9005A1006B5998 /* TimerView.swift */ = {isa = PBXFileReference; fileEncoding = 4; lastKnownFileType = sourcecode.swift; path = TimerView.swift; sourceTree = "<group>"; };
		B3A9F5542B9005A1006B5998 /* TimerViewModel.swift */ = {isa = PBXFileReference; fileEncoding = 4; lastKnownFileType = sourcecode.swift; path = TimerViewModel.swift; sourceTree = "<group>"; };
		B3A9F5562B9005A1006B5998 /* MemoListViewModel.swift */ = {isa = PBXFileReference; fileEncoding = 4; lastKnownFileType = sourcecode.swift; path = MemoListViewModel.swift; sourceTree = "<group>"; };
		B3A9F5582B9005A1006B5998 /* MemoViewModel.swift */ = {isa = PBXFileReference; fileEncoding = 4; lastKnownFileType = sourcecode.swift; path = MemoViewModel.swift; sourceTree = "<group>"; };
		B3A9F5592B9005A1006B5998 /* MemoView.swift */ = {isa = PBXFileReference; fileEncoding = 4; lastKnownFileType = sourcecode.swift; path = MemoView.swift; sourceTree = "<group>"; };
		B3A9F55A2B9005A1006B5998 /* MemoListView.swift */ = {isa = PBXFileReference; fileEncoding = 4; lastKnownFileType = sourcecode.swift; path = MemoListView.swift; sourceTree = "<group>"; };
		B3A9F55D2B9005A1006B5998 /* TodoView.swift */ = {isa = PBXFileReference; fileEncoding = 4; lastKnownFileType = sourcecode.swift; path = TodoView.swift; sourceTree = "<group>"; };
		B3A9F55E2B9005A1006B5998 /* TodoViewModel.swift */ = {isa = PBXFileReference; fileEncoding = 4; lastKnownFileType = sourcecode.swift; path = TodoViewModel.swift; sourceTree = "<group>"; };
		B3A9F55F2B9005A1006B5998 /* TodoListVIew.swift */ = {isa = PBXFileReference; fileEncoding = 4; lastKnownFileType = sourcecode.swift; path = TodoListVIew.swift; sourceTree = "<group>"; };
		B3A9F5602B9005A1006B5998 /* TodoListViewModel.swift */ = {isa = PBXFileReference; fileEncoding = 4; lastKnownFileType = sourcecode.swift; path = TodoListViewModel.swift; sourceTree = "<group>"; };
		B3A9F5622B9005A1006B5998 /* SettingView.swift */ = {isa = PBXFileReference; fileEncoding = 4; lastKnownFileType = sourcecode.swift; path = SettingView.swift; sourceTree = "<group>"; };
		B3A9F5642B9005A1006B5998 /* VoiceRecorderViewModel.swift */ = {isa = PBXFileReference; fileEncoding = 4; lastKnownFileType = sourcecode.swift; path = VoiceRecorderViewModel.swift; sourceTree = "<group>"; };
		B3A9F5652B9005A1006B5998 /* VoiceRecorderView.swift */ = {isa = PBXFileReference; fileEncoding = 4; lastKnownFileType = sourcecode.swift; path = VoiceRecorderView.swift; sourceTree = "<group>"; };
		B3A9F5672B9005A1006B5998 /* OnboardingView.swift */ = {isa = PBXFileReference; fileEncoding = 4; lastKnownFileType = sourcecode.swift; path = OnboardingView.swift; sourceTree = "<group>"; };
		B3A9F5682B9005A1006B5998 /* OnboardingViewModel.swift */ = {isa = PBXFileReference; fileEncoding = 4; lastKnownFileType = sourcecode.swift; path = OnboardingViewModel.swift; sourceTree = "<group>"; };
		B3AE7AC32B86C51800A15CE2 /* CustomNavigationBar.swift */ = {isa = PBXFileReference; lastKnownFileType = sourcecode.swift; path = CustomNavigationBar.swift; sourceTree = "<group>"; };
		B3AE7AC52B86C56B00A15CE2 /* NavigationBtnType.swift */ = {isa = PBXFileReference; lastKnownFileType = sourcecode.swift; path = NavigationBtnType.swift; sourceTree = "<group>"; };
		B3B0121B2B857A4900C4A734 /* voiceMemo.app */ = {isa = PBXFileReference; explicitFileType = wrapper.application; includeInIndex = 0; path = voiceMemo.app; sourceTree = BUILT_PRODUCTS_DIR; };
		B3B0121E2B857A4900C4A734 /* voiceMemoApp.swift */ = {isa = PBXFileReference; lastKnownFileType = sourcecode.swift; path = voiceMemoApp.swift; sourceTree = "<group>"; };
		B3B012202B857A4900C4A734 /* ContentView.swift */ = {isa = PBXFileReference; lastKnownFileType = sourcecode.swift; path = ContentView.swift; sourceTree = "<group>"; };
		B3B012222B857A4A00C4A734 /* Assets.xcassets */ = {isa = PBXFileReference; lastKnownFileType = folder.assetcatalog; path = Assets.xcassets; sourceTree = "<group>"; };
		B3B012252B857A4A00C4A734 /* Preview Assets.xcassets */ = {isa = PBXFileReference; lastKnownFileType = folder.assetcatalog; path = "Preview Assets.xcassets"; sourceTree = "<group>"; };
		B3B0122B2B857A4A00C4A734 /* voiceMemoTests.xctest */ = {isa = PBXFileReference; explicitFileType = wrapper.cfbundle; includeInIndex = 0; path = voiceMemoTests.xctest; sourceTree = BUILT_PRODUCTS_DIR; };
		B3B0122F2B857A4A00C4A734 /* voiceMemoTests.swift */ = {isa = PBXFileReference; lastKnownFileType = sourcecode.swift; path = voiceMemoTests.swift; sourceTree = "<group>"; };
		B3B012352B857A4A00C4A734 /* voiceMemoUITests.xctest */ = {isa = PBXFileReference; explicitFileType = wrapper.cfbundle; includeInIndex = 0; path = voiceMemoUITests.xctest; sourceTree = BUILT_PRODUCTS_DIR; };
		B3B012392B857A4A00C4A734 /* voiceMemoUITests.swift */ = {isa = PBXFileReference; lastKnownFileType = sourcecode.swift; path = voiceMemoUITests.swift; sourceTree = "<group>"; };
		B3B0123B2B857A4A00C4A734 /* voiceMemoUITestsLaunchTests.swift */ = {isa = PBXFileReference; lastKnownFileType = sourcecode.swift; path = voiceMemoUITestsLaunchTests.swift; sourceTree = "<group>"; };
		B3B0124E2B858B6C00C4A734 /* Color+extensions.swift */ = {isa = PBXFileReference; lastKnownFileType = sourcecode.swift; path = "Color+extensions.swift"; sourceTree = "<group>"; };
		B3B0125F2B85B67D00C4A734 /* AppDelegate.swift */ = {isa = PBXFileReference; lastKnownFileType = sourcecode.swift; path = AppDelegate.swift; sourceTree = "<group>"; };
		B3B012632B85B71500C4A734 /* NotificationService.swift */ = {isa = PBXFileReference; lastKnownFileType = sourcecode.swift; path = NotificationService.swift; sourceTree = "<group>"; };
/* End PBXFileReference section */

/* Begin PBXFrameworksBuildPhase section */
		B3B012182B857A4900C4A734 /* Frameworks */ = {
			isa = PBXFrameworksBuildPhase;
			buildActionMask = 2147483647;
			files = (
			);
			runOnlyForDeploymentPostprocessing = 0;
		};
		B3B012282B857A4A00C4A734 /* Frameworks */ = {
			isa = PBXFrameworksBuildPhase;
			buildActionMask = 2147483647;
			files = (
			);
			runOnlyForDeploymentPostprocessing = 0;
		};
		B3B012322B857A4A00C4A734 /* Frameworks */ = {
			isa = PBXFrameworksBuildPhase;
			buildActionMask = 2147483647;
			files = (
			);
			runOnlyForDeploymentPostprocessing = 0;
		};
/* End PBXFrameworksBuildPhase section */

/* Begin PBXGroup section */
		B3A9F5392B90054A006B5998 /* Model */ = {
			isa = PBXGroup;
			children = (
				B3A9F53A2B90054A006B5998 /* Home */,
				B3A9F53C2B90054A006B5998 /* Path */,
				B3A9F53F2B90054A006B5998 /* Timer */,
				B3A9F5412B90054A006B5998 /* Todo */,
				B3A9F5432B90054A006B5998 /* Memo */,
				B3A9F5452B90054A006B5998 /* Onboarding */,
			);
			path = Model;
			sourceTree = "<group>";
		};
		B3A9F53A2B90054A006B5998 /* Home */ = {
			isa = PBXGroup;
			children = (
				B3A9F53B2B90054A006B5998 /* Tab.swift */,
			);
			path = Home;
			sourceTree = "<group>";
		};
		B3A9F53C2B90054A006B5998 /* Path */ = {
			isa = PBXGroup;
			children = (
				B3A9F53D2B90054A006B5998 /* Path.swift */,
				B3A9F53E2B90054A006B5998 /* PathType.swift */,
			);
			path = Path;
			sourceTree = "<group>";
		};
		B3A9F53F2B90054A006B5998 /* Timer */ = {
			isa = PBXGroup;
			children = (
				B3A9F5402B90054A006B5998 /* Time.swift */,
			);
			path = Timer;
			sourceTree = "<group>";
		};
		B3A9F5412B90054A006B5998 /* Todo */ = {
			isa = PBXGroup;
			children = (
				B3A9F5422B90054A006B5998 /* Todo.swift */,
			);
			path = Todo;
			sourceTree = "<group>";
		};
		B3A9F5432B90054A006B5998 /* Memo */ = {
			isa = PBXGroup;
			children = (
				B3A9F5442B90054A006B5998 /* Memo.swift */,
			);
			path = Memo;
			sourceTree = "<group>";
		};
		B3A9F5452B90054A006B5998 /* Onboarding */ = {
			isa = PBXGroup;
			children = (
				B3A9F5462B90054A006B5998 /* OnboardingContent.swift */,
			);
			path = Onboarding;
			sourceTree = "<group>";
		};
		B3A9F54E2B9005A1006B5998 /* Feature */ = {
			isa = PBXGroup;
			children = (
				B3A9F5662B9005A1006B5998 /* Onboarding */,
				B3A9F54F2B9005A1006B5998 /* Home */,
				B3A9F5522B9005A1006B5998 /* Timer */,
				B3A9F5552B9005A1006B5998 /* MemoList */,
				B3A9F55B2B9005A1006B5998 /* TodoList */,
				B3A9F5612B9005A1006B5998 /* Setting */,
				B3A9F5632B9005A1006B5998 /* VoiceRecorder */,
			);
			path = Feature;
			sourceTree = "<group>";
		};
		B3A9F54F2B9005A1006B5998 /* Home */ = {
			isa = PBXGroup;
			children = (
				B3A9F5502B9005A1006B5998 /* HomeViewModel.swift */,
				B3A9F5512B9005A1006B5998 /* HomeView.swift */,
			);
			path = Home;
			sourceTree = "<group>";
		};
		B3A9F5522B9005A1006B5998 /* Timer */ = {
			isa = PBXGroup;
			children = (
				B3A9F5532B9005A1006B5998 /* TimerView.swift */,
				B3A9F5542B9005A1006B5998 /* TimerViewModel.swift */,
			);
			path = Timer;
			sourceTree = "<group>";
		};
		B3A9F5552B9005A1006B5998 /* MemoList */ = {
			isa = PBXGroup;
			children = (
				B3A9F5572B9005A1006B5998 /* Memo */,
				B3A9F5562B9005A1006B5998 /* MemoListViewModel.swift */,
				B3A9F55A2B9005A1006B5998 /* MemoListView.swift */,
			);
			path = MemoList;
			sourceTree = "<group>";
		};
		B3A9F5572B9005A1006B5998 /* Memo */ = {
			isa = PBXGroup;
			children = (
				B3A9F5582B9005A1006B5998 /* MemoViewModel.swift */,
				B3A9F5592B9005A1006B5998 /* MemoView.swift */,
			);
			path = Memo;
			sourceTree = "<group>";
		};
		B3A9F55B2B9005A1006B5998 /* TodoList */ = {
			isa = PBXGroup;
			children = (
				B3A9F55C2B9005A1006B5998 /* Todo */,
				B3A9F55F2B9005A1006B5998 /* TodoListVIew.swift */,
				B3A9F5602B9005A1006B5998 /* TodoListViewModel.swift */,
			);
			path = TodoList;
			sourceTree = "<group>";
		};
		B3A9F55C2B9005A1006B5998 /* Todo */ = {
			isa = PBXGroup;
			children = (
				B3A9F55D2B9005A1006B5998 /* TodoView.swift */,
				B3A9F55E2B9005A1006B5998 /* TodoViewModel.swift */,
			);
			path = Todo;
			sourceTree = "<group>";
		};
		B3A9F5612B9005A1006B5998 /* Setting */ = {
			isa = PBXGroup;
			children = (
				B3A9F5622B9005A1006B5998 /* SettingView.swift */,
			);
			path = Setting;
			sourceTree = "<group>";
		};
		B3A9F5632B9005A1006B5998 /* VoiceRecorder */ = {
			isa = PBXGroup;
			children = (
				B3A9F5642B9005A1006B5998 /* VoiceRecorderViewModel.swift */,
				B3A9F5652B9005A1006B5998 /* VoiceRecorderView.swift */,
			);
			path = VoiceRecorder;
			sourceTree = "<group>";
		};
		B3A9F5662B9005A1006B5998 /* Onboarding */ = {
			isa = PBXGroup;
			children = (
				B3A9F5672B9005A1006B5998 /* OnboardingView.swift */,
				B3A9F5682B9005A1006B5998 /* OnboardingViewModel.swift */,
			);
			path = Onboarding;
			sourceTree = "<group>";
		};
		B3AE7AC12B86C4D800A15CE2 /* Comppnent */ = {
			isa = PBXGroup;
			children = (
				B3AE7AC22B86C4FB00A15CE2 /* NavigationBar */,
			);
			path = Comppnent;
			sourceTree = "<group>";
		};
		B3AE7AC22B86C4FB00A15CE2 /* NavigationBar */ = {
			isa = PBXGroup;
			children = (
				B3AE7AC32B86C51800A15CE2 /* CustomNavigationBar.swift */,
				B3AE7AC52B86C56B00A15CE2 /* NavigationBtnType.swift */,
			);
			path = NavigationBar;
			sourceTree = "<group>";
		};
		B3B012122B857A4900C4A734 = {
			isa = PBXGroup;
			children = (
				B3B0121D2B857A4900C4A734 /* voiceMemo */,
				B3B0122E2B857A4A00C4A734 /* voiceMemoTests */,
				B3B012382B857A4A00C4A734 /* voiceMemoUITests */,
				B3B0121C2B857A4900C4A734 /* Products */,
			);
			sourceTree = "<group>";
		};
		B3B0121C2B857A4900C4A734 /* Products */ = {
			isa = PBXGroup;
			children = (
				B3B0121B2B857A4900C4A734 /* voiceMemo.app */,
				B3B0122B2B857A4A00C4A734 /* voiceMemoTests.xctest */,
				B3B012352B857A4A00C4A734 /* voiceMemoUITests.xctest */,
			);
			name = Products;
			sourceTree = "<group>";
		};
		B3B0121D2B857A4900C4A734 /* voiceMemo */ = {
			isa = PBXGroup;
			children = (
				B3B0124B2B85808E00C4A734 /* App */,
				B3B0124C2B858B4700C4A734 /* Core */,
				B3A9F54E2B9005A1006B5998 /* Feature */,
				B3A9F5392B90054A006B5998 /* Model */,
				B3AE7AC12B86C4D800A15CE2 /* Comppnent */,
				B3B012202B857A4900C4A734 /* ContentView.swift */,
				B3B012222B857A4A00C4A734 /* Assets.xcassets */,
				B3B012242B857A4A00C4A734 /* Preview Content */,
			);
			path = voiceMemo;
			sourceTree = "<group>";
		};
		B3B012242B857A4A00C4A734 /* Preview Content */ = {
			isa = PBXGroup;
			children = (
				B3B012252B857A4A00C4A734 /* Preview Assets.xcassets */,
			);
			path = "Preview Content";
			sourceTree = "<group>";
		};
		B3B0122E2B857A4A00C4A734 /* voiceMemoTests */ = {
			isa = PBXGroup;
			children = (
				B3B0122F2B857A4A00C4A734 /* voiceMemoTests.swift */,
			);
			path = voiceMemoTests;
			sourceTree = "<group>";
		};
		B3B012382B857A4A00C4A734 /* voiceMemoUITests */ = {
			isa = PBXGroup;
			children = (
				B3B012392B857A4A00C4A734 /* voiceMemoUITests.swift */,
				B3B0123B2B857A4A00C4A734 /* voiceMemoUITestsLaunchTests.swift */,
			);
			path = voiceMemoUITests;
			sourceTree = "<group>";
		};
		B3B0124B2B85808E00C4A734 /* App */ = {
			isa = PBXGroup;
			children = (
				B3B0121E2B857A4900C4A734 /* voiceMemoApp.swift */,
				B3B0125F2B85B67D00C4A734 /* AppDelegate.swift */,
				B3467BE22B85BF7B0061B896 /* LaunchScreen.storyboard */,
			);
			path = App;
			sourceTree = "<group>";
		};
		B3B0124C2B858B4700C4A734 /* Core */ = {
			isa = PBXGroup;
			children = (
				B3B012612B85B6F500C4A734 /* Service */,
				B3B0124D2B858B5000C4A734 /* Extension */,
			);
			path = Core;
			sourceTree = "<group>";
		};
		B3B0124D2B858B5000C4A734 /* Extension */ = {
			isa = PBXGroup;
			children = (
				B3A9F5292B900428006B5998 /* Int+Extensions.swift */,
				B3B0124E2B858B6C00C4A734 /* Color+extensions.swift */,
				B3A043032B8880E3003E49FA /* Date+Extensions.swift */,
				B36F76DE2B901EE5001A8B62 /* Double+Extensions.swift */,
			);
			path = Extension;
			sourceTree = "<group>";
		};
		B3B012612B85B6F500C4A734 /* Service */ = {
			isa = PBXGroup;
			children = (
				B3B012632B85B71500C4A734 /* NotificationService.swift */,
			);
			path = Service;
			sourceTree = "<group>";
		};
/* End PBXGroup section */

/* Begin PBXNativeTarget section */
		B3B0121A2B857A4900C4A734 /* voiceMemo */ = {
			isa = PBXNativeTarget;
			buildConfigurationList = B3B0123F2B857A4A00C4A734 /* Build configuration list for PBXNativeTarget "voiceMemo" */;
			buildPhases = (
				B3B012172B857A4900C4A734 /* Sources */,
				B3B012182B857A4900C4A734 /* Frameworks */,
				B3B012192B857A4900C4A734 /* Resources */,
			);
			buildRules = (
			);
			dependencies = (
			);
			name = voiceMemo;
			productName = voiceMemo;
			productReference = B3B0121B2B857A4900C4A734 /* voiceMemo.app */;
			productType = "com.apple.product-type.application";
		};
		B3B0122A2B857A4A00C4A734 /* voiceMemoTests */ = {
			isa = PBXNativeTarget;
			buildConfigurationList = B3B012422B857A4A00C4A734 /* Build configuration list for PBXNativeTarget "voiceMemoTests" */;
			buildPhases = (
				B3B012272B857A4A00C4A734 /* Sources */,
				B3B012282B857A4A00C4A734 /* Frameworks */,
				B3B012292B857A4A00C4A734 /* Resources */,
			);
			buildRules = (
			);
			dependencies = (
				B3B0122D2B857A4A00C4A734 /* PBXTargetDependency */,
			);
			name = voiceMemoTests;
			productName = voiceMemoTests;
			productReference = B3B0122B2B857A4A00C4A734 /* voiceMemoTests.xctest */;
			productType = "com.apple.product-type.bundle.unit-test";
		};
		B3B012342B857A4A00C4A734 /* voiceMemoUITests */ = {
			isa = PBXNativeTarget;
			buildConfigurationList = B3B012452B857A4A00C4A734 /* Build configuration list for PBXNativeTarget "voiceMemoUITests" */;
			buildPhases = (
				B3B012312B857A4A00C4A734 /* Sources */,
				B3B012322B857A4A00C4A734 /* Frameworks */,
				B3B012332B857A4A00C4A734 /* Resources */,
			);
			buildRules = (
			);
			dependencies = (
				B3B012372B857A4A00C4A734 /* PBXTargetDependency */,
			);
			name = voiceMemoUITests;
			productName = voiceMemoUITests;
			productReference = B3B012352B857A4A00C4A734 /* voiceMemoUITests.xctest */;
			productType = "com.apple.product-type.bundle.ui-testing";
		};
/* End PBXNativeTarget section */

/* Begin PBXProject section */
		B3B012132B857A4900C4A734 /* Project object */ = {
			isa = PBXProject;
			attributes = {
				BuildIndependentTargetsInParallel = 1;
				LastSwiftUpdateCheck = 1420;
				LastUpgradeCheck = 1420;
				TargetAttributes = {
					B3B0121A2B857A4900C4A734 = {
						CreatedOnToolsVersion = 14.2;
					};
					B3B0122A2B857A4A00C4A734 = {
						CreatedOnToolsVersion = 14.2;
						TestTargetID = B3B0121A2B857A4900C4A734;
					};
					B3B012342B857A4A00C4A734 = {
						CreatedOnToolsVersion = 14.2;
						TestTargetID = B3B0121A2B857A4900C4A734;
					};
				};
			};
			buildConfigurationList = B3B012162B857A4900C4A734 /* Build configuration list for PBXProject "voiceMemo" */;
			compatibilityVersion = "Xcode 14.0";
			developmentRegion = en;
			hasScannedForEncodings = 0;
			knownRegions = (
				en,
				Base,
			);
			mainGroup = B3B012122B857A4900C4A734;
			productRefGroup = B3B0121C2B857A4900C4A734 /* Products */;
			projectDirPath = "";
			projectRoot = "";
			targets = (
				B3B0121A2B857A4900C4A734 /* voiceMemo */,
				B3B0122A2B857A4A00C4A734 /* voiceMemoTests */,
				B3B012342B857A4A00C4A734 /* voiceMemoUITests */,
			);
		};
/* End PBXProject section */

/* Begin PBXResourcesBuildPhase section */
		B3B012192B857A4900C4A734 /* Resources */ = {
			isa = PBXResourcesBuildPhase;
			buildActionMask = 2147483647;
			files = (
				B3467BE32B85BF7B0061B896 /* LaunchScreen.storyboard in Resources */,
				B3B012262B857A4A00C4A734 /* Preview Assets.xcassets in Resources */,
				B3B012232B857A4A00C4A734 /* Assets.xcassets in Resources */,
			);
			runOnlyForDeploymentPostprocessing = 0;
		};
		B3B012292B857A4A00C4A734 /* Resources */ = {
			isa = PBXResourcesBuildPhase;
			buildActionMask = 2147483647;
			files = (
			);
			runOnlyForDeploymentPostprocessing = 0;
		};
		B3B012332B857A4A00C4A734 /* Resources */ = {
			isa = PBXResourcesBuildPhase;
			buildActionMask = 2147483647;
			files = (
			);
			runOnlyForDeploymentPostprocessing = 0;
		};
/* End PBXResourcesBuildPhase section */

/* Begin PBXSourcesBuildPhase section */
		B3B012172B857A4900C4A734 /* Sources */ = {
			isa = PBXSourcesBuildPhase;
			buildActionMask = 2147483647;
			files = (
				B36F76DF2B901EE5001A8B62 /* Double+Extensions.swift in Sources */,
				B3A9F56E2B9005A1006B5998 /* MemoViewModel.swift in Sources */,
				B3A9F5772B9005A1006B5998 /* VoiceRecorderView.swift in Sources */,
				B3B012602B85B67D00C4A734 /* AppDelegate.swift in Sources */,
				B3A9F5732B9005A1006B5998 /* TodoListVIew.swift in Sources */,
				B3A9F5702B9005A1006B5998 /* MemoListView.swift in Sources */,
				B3A9F5492B90054A006B5998 /* PathType.swift in Sources */,
				B3A9F56B2B9005A1006B5998 /* TimerView.swift in Sources */,
				B3A9F5782B9005A1006B5998 /* OnboardingView.swift in Sources */,
				B3A9F5762B9005A1006B5998 /* VoiceRecorderViewModel.swift in Sources */,
				B3A9F5792B9005A1006B5998 /* OnboardingViewModel.swift in Sources */,
				B3B012642B85B71500C4A734 /* NotificationService.swift in Sources */,
				B3B0124F2B858B6C00C4A734 /* Color+extensions.swift in Sources */,
				B3A9F5722B9005A1006B5998 /* TodoViewModel.swift in Sources */,
				B3A9F56D2B9005A1006B5998 /* MemoListViewModel.swift in Sources */,
				B3A9F5752B9005A1006B5998 /* SettingView.swift in Sources */,
				B3A9F56C2B9005A1006B5998 /* TimerViewModel.swift in Sources */,
				B3A9F54C2B90054A006B5998 /* Memo.swift in Sources */,
				B3A9F54D2B90054A006B5998 /* OnboardingContent.swift in Sources */,
				B3A9F5742B9005A1006B5998 /* TodoListViewModel.swift in Sources */,
				B3A9F54A2B90054A006B5998 /* Time.swift in Sources */,
				B3A9F5692B9005A1006B5998 /* HomeViewModel.swift in Sources */,
				B3A9F52A2B900428006B5998 /* Int+Extensions.swift in Sources */,
				B3AE7AC42B86C51800A15CE2 /* CustomNavigationBar.swift in Sources */,
				B3A9F56A2B9005A1006B5998 /* HomeView.swift in Sources */,
				B3A9F56F2B9005A1006B5998 /* MemoView.swift in Sources */,
				B3A9F5472B90054A006B5998 /* Tab.swift in Sources */,
				B3A043042B8880E3003E49FA /* Date+Extensions.swift in Sources */,
				B3AE7AC62B86C56B00A15CE2 /* NavigationBtnType.swift in Sources */,
				B3B012212B857A4900C4A734 /* ContentView.swift in Sources */,
				B3B0121F2B857A4900C4A734 /* voiceMemoApp.swift in Sources */,
				B3A9F5482B90054A006B5998 /* Path.swift in Sources */,
				B3A9F54B2B90054A006B5998 /* Todo.swift in Sources */,
				B3A9F5712B9005A1006B5998 /* TodoView.swift in Sources */,
			);
			runOnlyForDeploymentPostprocessing = 0;
		};
		B3B012272B857A4A00C4A734 /* Sources */ = {
			isa = PBXSourcesBuildPhase;
			buildActionMask = 2147483647;
			files = (
				B3B012302B857A4A00C4A734 /* voiceMemoTests.swift in Sources */,
			);
			runOnlyForDeploymentPostprocessing = 0;
		};
		B3B012312B857A4A00C4A734 /* Sources */ = {
			isa = PBXSourcesBuildPhase;
			buildActionMask = 2147483647;
			files = (
				B3B0123A2B857A4A00C4A734 /* voiceMemoUITests.swift in Sources */,
				B3B0123C2B857A4A00C4A734 /* voiceMemoUITestsLaunchTests.swift in Sources */,
			);
			runOnlyForDeploymentPostprocessing = 0;
		};
/* End PBXSourcesBuildPhase section */

/* Begin PBXTargetDependency section */
		B3B0122D2B857A4A00C4A734 /* PBXTargetDependency */ = {
			isa = PBXTargetDependency;
			target = B3B0121A2B857A4900C4A734 /* voiceMemo */;
			targetProxy = B3B0122C2B857A4A00C4A734 /* PBXContainerItemProxy */;
		};
		B3B012372B857A4A00C4A734 /* PBXTargetDependency */ = {
			isa = PBXTargetDependency;
			target = B3B0121A2B857A4900C4A734 /* voiceMemo */;
			targetProxy = B3B012362B857A4A00C4A734 /* PBXContainerItemProxy */;
		};
/* End PBXTargetDependency section */

/* Begin XCBuildConfiguration section */
		B3B0123D2B857A4A00C4A734 /* Debug */ = {
			isa = XCBuildConfiguration;
			buildSettings = {
				ALWAYS_SEARCH_USER_PATHS = NO;
				CLANG_ANALYZER_NONNULL = YES;
				CLANG_ANALYZER_NUMBER_OBJECT_CONVERSION = YES_AGGRESSIVE;
				CLANG_CXX_LANGUAGE_STANDARD = "gnu++20";
				CLANG_ENABLE_MODULES = YES;
				CLANG_ENABLE_OBJC_ARC = YES;
				CLANG_ENABLE_OBJC_WEAK = YES;
				CLANG_WARN_BLOCK_CAPTURE_AUTORELEASING = YES;
				CLANG_WARN_BOOL_CONVERSION = YES;
				CLANG_WARN_COMMA = YES;
				CLANG_WARN_CONSTANT_CONVERSION = YES;
				CLANG_WARN_DEPRECATED_OBJC_IMPLEMENTATIONS = YES;
				CLANG_WARN_DIRECT_OBJC_ISA_USAGE = YES_ERROR;
				CLANG_WARN_DOCUMENTATION_COMMENTS = YES;
				CLANG_WARN_EMPTY_BODY = YES;
				CLANG_WARN_ENUM_CONVERSION = YES;
				CLANG_WARN_INFINITE_RECURSION = YES;
				CLANG_WARN_INT_CONVERSION = YES;
				CLANG_WARN_NON_LITERAL_NULL_CONVERSION = YES;
				CLANG_WARN_OBJC_IMPLICIT_RETAIN_SELF = YES;
				CLANG_WARN_OBJC_LITERAL_CONVERSION = YES;
				CLANG_WARN_OBJC_ROOT_CLASS = YES_ERROR;
				CLANG_WARN_QUOTED_INCLUDE_IN_FRAMEWORK_HEADER = YES;
				CLANG_WARN_RANGE_LOOP_ANALYSIS = YES;
				CLANG_WARN_STRICT_PROTOTYPES = YES;
				CLANG_WARN_SUSPICIOUS_MOVE = YES;
				CLANG_WARN_UNGUARDED_AVAILABILITY = YES_AGGRESSIVE;
				CLANG_WARN_UNREACHABLE_CODE = YES;
				CLANG_WARN__DUPLICATE_METHOD_MATCH = YES;
				COPY_PHASE_STRIP = NO;
				DEBUG_INFORMATION_FORMAT = dwarf;
				ENABLE_STRICT_OBJC_MSGSEND = YES;
				ENABLE_TESTABILITY = YES;
				GCC_C_LANGUAGE_STANDARD = gnu11;
				GCC_DYNAMIC_NO_PIC = NO;
				GCC_NO_COMMON_BLOCKS = YES;
				GCC_OPTIMIZATION_LEVEL = 0;
				GCC_PREPROCESSOR_DEFINITIONS = (
					"DEBUG=1",
					"$(inherited)",
				);
				GCC_WARN_64_TO_32_BIT_CONVERSION = YES;
				GCC_WARN_ABOUT_RETURN_TYPE = YES_ERROR;
				GCC_WARN_UNDECLARED_SELECTOR = YES;
				GCC_WARN_UNINITIALIZED_AUTOS = YES_AGGRESSIVE;
				GCC_WARN_UNUSED_FUNCTION = YES;
				GCC_WARN_UNUSED_VARIABLE = YES;
				IPHONEOS_DEPLOYMENT_TARGET = 16.2;
				MTL_ENABLE_DEBUG_INFO = INCLUDE_SOURCE;
				MTL_FAST_MATH = YES;
				ONLY_ACTIVE_ARCH = YES;
				SDKROOT = iphoneos;
				SWIFT_ACTIVE_COMPILATION_CONDITIONS = DEBUG;
				SWIFT_OPTIMIZATION_LEVEL = "-Onone";
			};
			name = Debug;
		};
		B3B0123E2B857A4A00C4A734 /* Release */ = {
			isa = XCBuildConfiguration;
			buildSettings = {
				ALWAYS_SEARCH_USER_PATHS = NO;
				CLANG_ANALYZER_NONNULL = YES;
				CLANG_ANALYZER_NUMBER_OBJECT_CONVERSION = YES_AGGRESSIVE;
				CLANG_CXX_LANGUAGE_STANDARD = "gnu++20";
				CLANG_ENABLE_MODULES = YES;
				CLANG_ENABLE_OBJC_ARC = YES;
				CLANG_ENABLE_OBJC_WEAK = YES;
				CLANG_WARN_BLOCK_CAPTURE_AUTORELEASING = YES;
				CLANG_WARN_BOOL_CONVERSION = YES;
				CLANG_WARN_COMMA = YES;
				CLANG_WARN_CONSTANT_CONVERSION = YES;
				CLANG_WARN_DEPRECATED_OBJC_IMPLEMENTATIONS = YES;
				CLANG_WARN_DIRECT_OBJC_ISA_USAGE = YES_ERROR;
				CLANG_WARN_DOCUMENTATION_COMMENTS = YES;
				CLANG_WARN_EMPTY_BODY = YES;
				CLANG_WARN_ENUM_CONVERSION = YES;
				CLANG_WARN_INFINITE_RECURSION = YES;
				CLANG_WARN_INT_CONVERSION = YES;
				CLANG_WARN_NON_LITERAL_NULL_CONVERSION = YES;
				CLANG_WARN_OBJC_IMPLICIT_RETAIN_SELF = YES;
				CLANG_WARN_OBJC_LITERAL_CONVERSION = YES;
				CLANG_WARN_OBJC_ROOT_CLASS = YES_ERROR;
				CLANG_WARN_QUOTED_INCLUDE_IN_FRAMEWORK_HEADER = YES;
				CLANG_WARN_RANGE_LOOP_ANALYSIS = YES;
				CLANG_WARN_STRICT_PROTOTYPES = YES;
				CLANG_WARN_SUSPICIOUS_MOVE = YES;
				CLANG_WARN_UNGUARDED_AVAILABILITY = YES_AGGRESSIVE;
				CLANG_WARN_UNREACHABLE_CODE = YES;
				CLANG_WARN__DUPLICATE_METHOD_MATCH = YES;
				COPY_PHASE_STRIP = NO;
				DEBUG_INFORMATION_FORMAT = "dwarf-with-dsym";
				ENABLE_NS_ASSERTIONS = NO;
				ENABLE_STRICT_OBJC_MSGSEND = YES;
				GCC_C_LANGUAGE_STANDARD = gnu11;
				GCC_NO_COMMON_BLOCKS = YES;
				GCC_WARN_64_TO_32_BIT_CONVERSION = YES;
				GCC_WARN_ABOUT_RETURN_TYPE = YES_ERROR;
				GCC_WARN_UNDECLARED_SELECTOR = YES;
				GCC_WARN_UNINITIALIZED_AUTOS = YES_AGGRESSIVE;
				GCC_WARN_UNUSED_FUNCTION = YES;
				GCC_WARN_UNUSED_VARIABLE = YES;
				IPHONEOS_DEPLOYMENT_TARGET = 16.2;
				MTL_ENABLE_DEBUG_INFO = NO;
				MTL_FAST_MATH = YES;
				SDKROOT = iphoneos;
				SWIFT_COMPILATION_MODE = wholemodule;
				SWIFT_OPTIMIZATION_LEVEL = "-O";
				VALIDATE_PRODUCT = YES;
			};
			name = Release;
		};
		B3B012402B857A4A00C4A734 /* Debug */ = {
			isa = XCBuildConfiguration;
			buildSettings = {
				ASSETCATALOG_COMPILER_APPICON_NAME = AppIcon;
				ASSETCATALOG_COMPILER_GLOBAL_ACCENT_COLOR_NAME = AccentColor;
				CODE_SIGN_STYLE = Automatic;
				CURRENT_PROJECT_VERSION = 1;
				DEVELOPMENT_ASSET_PATHS = "\"voiceMemo/Preview Content\"";
				DEVELOPMENT_TEAM = 24T5VSKG3X;
				ENABLE_PREVIEWS = YES;
				GENERATE_INFOPLIST_FILE = YES;
				INFOPLIST_FILE = "";
				INFOPLIST_KEY_UIApplicationSceneManifest_Generation = YES;
				INFOPLIST_KEY_UIApplicationSupportsIndirectInputEvents = YES;
				INFOPLIST_KEY_UILaunchStoryboardName = LaunchScreen.storyboard;
				INFOPLIST_KEY_UIRequiresFullScreen = NO;
				INFOPLIST_KEY_UIStatusBarStyle = UIStatusBarStyleLightContent;
				INFOPLIST_KEY_UISupportedInterfaceOrientations = UIInterfaceOrientationPortrait;
				IPHONEOS_DEPLOYMENT_TARGET = 16.0;
				LD_RUNPATH_SEARCH_PATHS = (
					"$(inherited)",
					"@executable_path/Frameworks",
				);
				MARKETING_VERSION = 1.0;
				PRODUCT_BUNDLE_IDENTIFIER = test.com.voiceMemo;
				PRODUCT_NAME = "$(TARGET_NAME)";
				SWIFT_EMIT_LOC_STRINGS = YES;
				SWIFT_VERSION = 5.0;
				TARGETED_DEVICE_FAMILY = "1,2";
			};
			name = Debug;
		};
		B3B012412B857A4A00C4A734 /* Release */ = {
			isa = XCBuildConfiguration;
			buildSettings = {
				ASSETCATALOG_COMPILER_APPICON_NAME = AppIcon;
				ASSETCATALOG_COMPILER_GLOBAL_ACCENT_COLOR_NAME = AccentColor;
				CODE_SIGN_STYLE = Automatic;
				CURRENT_PROJECT_VERSION = 1;
				DEVELOPMENT_ASSET_PATHS = "\"voiceMemo/Preview Content\"";
				DEVELOPMENT_TEAM = 24T5VSKG3X;
				ENABLE_PREVIEWS = YES;
				GENERATE_INFOPLIST_FILE = YES;
				INFOPLIST_FILE = "";
				INFOPLIST_KEY_UIApplicationSceneManifest_Generation = YES;
				INFOPLIST_KEY_UIApplicationSupportsIndirectInputEvents = YES;
				INFOPLIST_KEY_UILaunchStoryboardName = LaunchScreen.storyboard;
				INFOPLIST_KEY_UIRequiresFullScreen = NO;
				INFOPLIST_KEY_UIStatusBarStyle = UIStatusBarStyleLightContent;
				INFOPLIST_KEY_UISupportedInterfaceOrientations = UIInterfaceOrientationPortrait;
				IPHONEOS_DEPLOYMENT_TARGET = 16.0;
				LD_RUNPATH_SEARCH_PATHS = (
					"$(inherited)",
					"@executable_path/Frameworks",
				);
				MARKETING_VERSION = 1.0;
				PRODUCT_BUNDLE_IDENTIFIER = test.com.voiceMemo;
				PRODUCT_NAME = "$(TARGET_NAME)";
				SWIFT_EMIT_LOC_STRINGS = YES;
				SWIFT_VERSION = 5.0;
				TARGETED_DEVICE_FAMILY = "1,2";
			};
			name = Release;
		};
		B3B012432B857A4A00C4A734 /* Debug */ = {
			isa = XCBuildConfiguration;
			buildSettings = {
				ALWAYS_EMBED_SWIFT_STANDARD_LIBRARIES = YES;
				BUNDLE_LOADER = "$(TEST_HOST)";
				CODE_SIGN_STYLE = Automatic;
				CURRENT_PROJECT_VERSION = 1;
				GENERATE_INFOPLIST_FILE = YES;
				IPHONEOS_DEPLOYMENT_TARGET = 16.2;
				MARKETING_VERSION = 1.0;
				PRODUCT_BUNDLE_IDENTIFIER = test.com.voiceMemoTests;
				PRODUCT_NAME = "$(TARGET_NAME)";
				SWIFT_EMIT_LOC_STRINGS = NO;
				SWIFT_VERSION = 5.0;
				TARGETED_DEVICE_FAMILY = "1,2";
				TEST_HOST = "$(BUILT_PRODUCTS_DIR)/voiceMemo.app/$(BUNDLE_EXECUTABLE_FOLDER_PATH)/voiceMemo";
			};
			name = Debug;
		};
		B3B012442B857A4A00C4A734 /* Release */ = {
			isa = XCBuildConfiguration;
			buildSettings = {
				ALWAYS_EMBED_SWIFT_STANDARD_LIBRARIES = YES;
				BUNDLE_LOADER = "$(TEST_HOST)";
				CODE_SIGN_STYLE = Automatic;
				CURRENT_PROJECT_VERSION = 1;
				GENERATE_INFOPLIST_FILE = YES;
				IPHONEOS_DEPLOYMENT_TARGET = 16.2;
				MARKETING_VERSION = 1.0;
				PRODUCT_BUNDLE_IDENTIFIER = test.com.voiceMemoTests;
				PRODUCT_NAME = "$(TARGET_NAME)";
				SWIFT_EMIT_LOC_STRINGS = NO;
				SWIFT_VERSION = 5.0;
				TARGETED_DEVICE_FAMILY = "1,2";
				TEST_HOST = "$(BUILT_PRODUCTS_DIR)/voiceMemo.app/$(BUNDLE_EXECUTABLE_FOLDER_PATH)/voiceMemo";
			};
			name = Release;
		};
		B3B012462B857A4A00C4A734 /* Debug */ = {
			isa = XCBuildConfiguration;
			buildSettings = {
				ALWAYS_EMBED_SWIFT_STANDARD_LIBRARIES = YES;
				CODE_SIGN_STYLE = Automatic;
				CURRENT_PROJECT_VERSION = 1;
				GENERATE_INFOPLIST_FILE = YES;
				MARKETING_VERSION = 1.0;
				PRODUCT_BUNDLE_IDENTIFIER = test.com.voiceMemoUITests;
				PRODUCT_NAME = "$(TARGET_NAME)";
				SWIFT_EMIT_LOC_STRINGS = NO;
				SWIFT_VERSION = 5.0;
				TARGETED_DEVICE_FAMILY = "1,2";
				TEST_TARGET_NAME = voiceMemo;
			};
			name = Debug;
		};
		B3B012472B857A4A00C4A734 /* Release */ = {
			isa = XCBuildConfiguration;
			buildSettings = {
				ALWAYS_EMBED_SWIFT_STANDARD_LIBRARIES = YES;
				CODE_SIGN_STYLE = Automatic;
				CURRENT_PROJECT_VERSION = 1;
				GENERATE_INFOPLIST_FILE = YES;
				MARKETING_VERSION = 1.0;
				PRODUCT_BUNDLE_IDENTIFIER = test.com.voiceMemoUITests;
				PRODUCT_NAME = "$(TARGET_NAME)";
				SWIFT_EMIT_LOC_STRINGS = NO;
				SWIFT_VERSION = 5.0;
				TARGETED_DEVICE_FAMILY = "1,2";
				TEST_TARGET_NAME = voiceMemo;
			};
			name = Release;
		};
/* End XCBuildConfiguration section */

/* Begin XCConfigurationList section */
		B3B012162B857A4900C4A734 /* Build configuration list for PBXProject "voiceMemo" */ = {
			isa = XCConfigurationList;
			buildConfigurations = (
				B3B0123D2B857A4A00C4A734 /* Debug */,
				B3B0123E2B857A4A00C4A734 /* Release */,
			);
			defaultConfigurationIsVisible = 0;
			defaultConfigurationName = Release;
		};
		B3B0123F2B857A4A00C4A734 /* Build configuration list for PBXNativeTarget "voiceMemo" */ = {
			isa = XCConfigurationList;
			buildConfigurations = (
				B3B012402B857A4A00C4A734 /* Debug */,
				B3B012412B857A4A00C4A734 /* Release */,
			);
			defaultConfigurationIsVisible = 0;
			defaultConfigurationName = Release;
		};
		B3B012422B857A4A00C4A734 /* Build configuration list for PBXNativeTarget "voiceMemoTests" */ = {
			isa = XCConfigurationList;
			buildConfigurations = (
				B3B012432B857A4A00C4A734 /* Debug */,
				B3B012442B857A4A00C4A734 /* Release */,
			);
			defaultConfigurationIsVisible = 0;
			defaultConfigurationName = Release;
		};
		B3B012452B857A4A00C4A734 /* Build configuration list for PBXNativeTarget "voiceMemoUITests" */ = {
			isa = XCConfigurationList;
			buildConfigurations = (
				B3B012462B857A4A00C4A734 /* Debug */,
				B3B012472B857A4A00C4A734 /* Release */,
			);
			defaultConfigurationIsVisible = 0;
			defaultConfigurationName = Release;
		};
/* End XCConfigurationList section */
	};
	rootObject = B3B012132B857A4900C4A734 /* Project object */;
}
