// !$*UTF8*$!
{
	archiveVersion = 1;
	classes = {
	};
	objectVersion = 56;
	objects = {

/* Begin PBXBuildFile section */
		B3B0121F2B857A4900C4A734 /* voiceMemoApp.swift in Sources */ = {isa = PBXBuildFile; fileRef = B3B0121E2B857A4900C4A734 /* voiceMemoApp.swift */; };
		B3B012212B857A4900C4A734 /* ContentView.swift in Sources */ = {isa = PBXBuildFile; fileRef = B3B012202B857A4900C4A734 /* ContentView.swift */; };
		B3B012232B857A4A00C4A734 /* Assets.xcassets in Resources */ = {isa = PBXBuildFile; fileRef = B3B012222B857A4A00C4A734 /* Assets.xcassets */; };
		B3B012262B857A4A00C4A734 /* Preview Assets.xcassets in Resources */ = {isa = PBXBuildFile; fileRef = B3B012252B857A4A00C4A734 /* Preview Assets.xcassets */; };
		B3B012302B857A4A00C4A734 /* voiceMemoTests.swift in Sources */ = {isa = PBXBuildFile; fileRef = B3B0122F2B857A4A00C4A734 /* voiceMemoTests.swift */; };
		B3B0123A2B857A4A00C4A734 /* voiceMemoUITests.swift in Sources */ = {isa = PBXBuildFile; fileRef = B3B012392B857A4A00C4A734 /* voiceMemoUITests.swift */; };
		B3B0123C2B857A4A00C4A734 /* voiceMemoUITestsLaunchTests.swift in Sources */ = {isa = PBXBuildFile; fileRef = B3B0123B2B857A4A00C4A734 /* voiceMemoUITestsLaunchTests.swift */; };
/* End PBXBuildFile section */

/* Begin PBXContainerItemProxy section */
		B3B0122C2B857A4A00C4A734 /* PBXContainerItemProxy */ = {
			isa = PBXContainerItemProxy;
			containerPortal = B3B012132B857A4900C4A734 /* Project object */;
			proxyType = 1;
			remoteGlobalIDString = B3B0121A2B857A4900C4A734;
			remoteInfo = voiceMemo;
		};
		B3B012362B857A4A00C4A734 /* PBXContainerItemProxy */ = {
			isa = PBXContainerItemProxy;
			containerPortal = B3B012132B857A4900C4A734 /* Project object */;
			proxyType = 1;
			remoteGlobalIDString = B3B0121A2B857A4900C4A734;
			remoteInfo = voiceMemo;
		};
/* End PBXContainerItemProxy section */

/* Begin PBXFileReference section */
		B3B0121B2B857A4900C4A734 /* voiceMemo.app */ = {isa = PBXFileReference; explicitFileType = wrapper.application; includeInIndex = 0; path = voiceMemo.app; sourceTree = BUILT_PRODUCTS_DIR; };
		B3B0121E2B857A4900C4A734 /* voiceMemoApp.swift */ = {isa = PBXFileReference; lastKnownFileType = sourcecode.swift; path = voiceMemoApp.swift; sourceTree = "<group>"; };
		B3B012202B857A4900C4A734 /* ContentView.swift */ = {isa = PBXFileReference; lastKnownFileType = sourcecode.swift; path = ContentView.swift; sourceTree = "<group>"; };
		B3B012222B857A4A00C4A734 /* Assets.xcassets */ = {isa = PBXFileReference; lastKnownFileType = folder.assetcatalog; path = Assets.xcassets; sourceTree = "<group>"; };
		B3B012252B857A4A00C4A734 /* Preview Assets.xcassets */ = {isa = PBXFileReference; lastKnownFileType = folder.assetcatalog; path = "Preview Assets.xcassets"; sourceTree = "<group>"; };
		B3B0122B2B857A4A00C4A734 /* voiceMemoTests.xctest */ = {isa = PBXFileReference; explicitFileType = wrapper.cfbundle; includeInIndex = 0; path = voiceMemoTests.xctest; sourceTree = BUILT_PRODUCTS_DIR; };
		B3B0122F2B857A4A00C4A734 /* voiceMemoTests.swift */ = {isa = PBXFileReference; lastKnownFileType = sourcecode.swift; path = voiceMemoTests.swift; sourceTree = "<group>"; };
		B3B012352B857A4A00C4A734 /* voiceMemoUITests.xctest */ = {isa = PBXFileReference; explicitFileType = wrapper.cfbundle; includeInIndex = 0; path = voiceMemoUITests.xctest; sourceTree = BUILT_PRODUCTS_DIR; };
		B3B012392B857A4A00C4A734 /* voiceMemoUITests.swift */ = {isa = PBXFileReference; lastKnownFileType = sourcecode.swift; path = voiceMemoUITests.swift; sourceTree = "<group>"; };
		B3B0123B2B857A4A00C4A734 /* voiceMemoUITestsLaunchTests.swift */ = {isa = PBXFileReference; lastKnownFileType = sourcecode.swift; path = voiceMemoUITestsLaunchTests.swift; sourceTree = "<group>"; };
/* End PBXFileReference section */

/* Begin PBXFrameworksBuildPhase section */
		B3B012182B857A4900C4A734 /* Frameworks */ = {
			isa = PBXFrameworksBuildPhase;
			buildActionMask = 2147483647;
			files = (
			);
			runOnlyForDeploymentPostprocessing = 0;
		};
		B3B012282B857A4A00C4A734 /* Frameworks */ = {
			isa = PBXFrameworksBuildPhase;
			buildActionMask = 2147483647;
			files = (
			);
			runOnlyForDeploymentPostprocessing = 0;
		};
		B3B012322B857A4A00C4A734 /* Frameworks */ = {
			isa = PBXFrameworksBuildPhase;
			buildActionMask = 2147483647;
			files = (
			);
			runOnlyForDeploymentPostprocessing = 0;
		};
/* End PBXFrameworksBuildPhase section */

/* Begin PBXGroup section */
		B3B012122B857A4900C4A734 = {
			isa = PBXGroup;
			children = (
				B3B0121D2B857A4900C4A734 /* voiceMemo */,
				B3B0122E2B857A4A00C4A734 /* voiceMemoTests */,
				B3B012382B857A4A00C4A734 /* voiceMemoUITests */,
				B3B0121C2B857A4900C4A734 /* Products */,
			);
			sourceTree = "<group>";
		};
		B3B0121C2B857A4900C4A734 /* Products */ = {
			isa = PBXGroup;
			children = (
				B3B0121B2B857A4900C4A734 /* voiceMemo.app */,
				B3B0122B2B857A4A00C4A734 /* voiceMemoTests.xctest */,
				B3B012352B857A4A00C4A734 /* voiceMemoUITests.xctest */,
			);
			name = Products;
			sourceTree = "<group>";
		};
		B3B0121D2B857A4900C4A734 /* voiceMemo */ = {
			isa = PBXGroup;
			children = (
				B3B0121E2B857A4900C4A734 /* voiceMemoApp.swift */,
				B3B012202B857A4900C4A734 /* ContentView.swift */,
				B3B012222B857A4A00C4A734 /* Assets.xcassets */,
				B3B012242B857A4A00C4A734 /* Preview Content */,
			);
			path = voiceMemo;
			sourceTree = "<group>";
		};
		B3B012242B857A4A00C4A734 /* Preview Content */ = {
			isa = PBXGroup;
			children = (
				B3B012252B857A4A00C4A734 /* Preview Assets.xcassets */,
			);
			path = "Preview Content";
			sourceTree = "<group>";
		};
		B3B0122E2B857A4A00C4A734 /* voiceMemoTests */ = {
			isa = PBXGroup;
			children = (
				B3B0122F2B857A4A00C4A734 /* voiceMemoTests.swift */,
			);
			path = voiceMemoTests;
			sourceTree = "<group>";
		};
		B3B012382B857A4A00C4A734 /* voiceMemoUITests */ = {
			isa = PBXGroup;
			children = (
				B3B012392B857A4A00C4A734 /* voiceMemoUITests.swift */,
				B3B0123B2B857A4A00C4A734 /* voiceMemoUITestsLaunchTests.swift */,
			);
			path = voiceMemoUITests;
			sourceTree = "<group>";
		};
/* End PBXGroup section */

/* Begin PBXNativeTarget section */
		B3B0121A2B857A4900C4A734 /* voiceMemo */ = {
			isa = PBXNativeTarget;
			buildConfigurationList = B3B0123F2B857A4A00C4A734 /* Build configuration list for PBXNativeTarget "voiceMemo" */;
			buildPhases = (
				B3B012172B857A4900C4A734 /* Sources */,
				B3B012182B857A4900C4A734 /* Frameworks */,
				B3B012192B857A4900C4A734 /* Resources */,
			);
			buildRules = (
			);
			dependencies = (
			);
			name = voiceMemo;
			productName = voiceMemo;
			productReference = B3B0121B2B857A4900C4A734 /* voiceMemo.app */;
			productType = "com.apple.product-type.application";
		};
		B3B0122A2B857A4A00C4A734 /* voiceMemoTests */ = {
			isa = PBXNativeTarget;
			buildConfigurationList = B3B012422B857A4A00C4A734 /* Build configuration list for PBXNativeTarget "voiceMemoTests" */;
			buildPhases = (
				B3B012272B857A4A00C4A734 /* Sources */,
				B3B012282B857A4A00C4A734 /* Frameworks */,
				B3B012292B857A4A00C4A734 /* Resources */,
			);
			buildRules = (
			);
			dependencies = (
				B3B0122D2B857A4A00C4A734 /* PBXTargetDependency */,
			);
			name = voiceMemoTests;
			productName = voiceMemoTests;
			productReference = B3B0122B2B857A4A00C4A734 /* voiceMemoTests.xctest */;
			productType = "com.apple.product-type.bundle.unit-test";
		};
		B3B012342B857A4A00C4A734 /* voiceMemoUITests */ = {
			isa = PBXNativeTarget;
			buildConfigurationList = B3B012452B857A4A00C4A734 /* Build configuration list for PBXNativeTarget "voiceMemoUITests" */;
			buildPhases = (
				B3B012312B857A4A00C4A734 /* Sources */,
				B3B012322B857A4A00C4A734 /* Frameworks */,
				B3B012332B857A4A00C4A734 /* Resources */,
			);
			buildRules = (
			);
			dependencies = (
				B3B012372B857A4A00C4A734 /* PBXTargetDependency */,
			);
			name = voiceMemoUITests;
			productName = voiceMemoUITests;
			productReference = B3B012352B857A4A00C4A734 /* voiceMemoUITests.xctest */;
			productType = "com.apple.product-type.bundle.ui-testing";
		};
/* End PBXNativeTarget section */

/* Begin PBXProject section */
		B3B012132B857A4900C4A734 /* Project object */ = {
			isa = PBXProject;
			attributes = {
				BuildIndependentTargetsInParallel = 1;
				LastSwiftUpdateCheck = 1420;
				LastUpgradeCheck = 1420;
				TargetAttributes = {
					B3B0121A2B857A4900C4A734 = {
						CreatedOnToolsVersion = 14.2;
					};
					B3B0122A2B857A4A00C4A734 = {
						CreatedOnToolsVersion = 14.2;
						TestTargetID = B3B0121A2B857A4900C4A734;
					};
					B3B012342B857A4A00C4A734 = {
						CreatedOnToolsVersion = 14.2;
						TestTargetID = B3B0121A2B857A4900C4A734;
					};
				};
			};
			buildConfigurationList = B3B012162B857A4900C4A734 /* Build configuration list for PBXProject "voiceMemo" */;
			compatibilityVersion = "Xcode 14.0";
			developmentRegion = en;
			hasScannedForEncodings = 0;
			knownRegions = (
				en,
				Base,
			);
			mainGroup = B3B012122B857A4900C4A734;
			productRefGroup = B3B0121C2B857A4900C4A734 /* Products */;
			projectDirPath = "";
			projectRoot = "";
			targets = (
				B3B0121A2B857A4900C4A734 /* voiceMemo */,
				B3B0122A2B857A4A00C4A734 /* voiceMemoTests */,
				B3B012342B857A4A00C4A734 /* voiceMemoUITests */,
			);
		};
/* End PBXProject section */

/* Begin PBXResourcesBuildPhase section */
		B3B012192B857A4900C4A734 /* Resources */ = {
			isa = PBXResourcesBuildPhase;
			buildActionMask = 2147483647;
			files = (
				B3B012262B857A4A00C4A734 /* Preview Assets.xcassets in Resources */,
				B3B012232B857A4A00C4A734 /* Assets.xcassets in Resources */,
			);
			runOnlyForDeploymentPostprocessing = 0;
		};
		B3B012292B857A4A00C4A734 /* Resources */ = {
			isa = PBXResourcesBuildPhase;
			buildActionMask = 2147483647;
			files = (
			);
			runOnlyForDeploymentPostprocessing = 0;
		};
		B3B012332B857A4A00C4A734 /* Resources */ = {
			isa = PBXResourcesBuildPhase;
			buildActionMask = 2147483647;
			files = (
			);
			runOnlyForDeploymentPostprocessing = 0;
		};
/* End PBXResourcesBuildPhase section */

/* Begin PBXSourcesBuildPhase section */
		B3B012172B857A4900C4A734 /* Sources */ = {
			isa = PBXSourcesBuildPhase;
			buildActionMask = 2147483647;
			files = (
				B3B012212B857A4900C4A734 /* ContentView.swift in Sources */,
				B3B0121F2B857A4900C4A734 /* voiceMemoApp.swift in Sources */,
			);
			runOnlyForDeploymentPostprocessing = 0;
		};
		B3B012272B857A4A00C4A734 /* Sources */ = {
			isa = PBXSourcesBuildPhase;
			buildActionMask = 2147483647;
			files = (
				B3B012302B857A4A00C4A734 /* voiceMemoTests.swift in Sources */,
			);
			runOnlyForDeploymentPostprocessing = 0;
		};
		B3B012312B857A4A00C4A734 /* Sources */ = {
			isa = PBXSourcesBuildPhase;
			buildActionMask = 2147483647;
			files = (
				B3B0123A2B857A4A00C4A734 /* voiceMemoUITests.swift in Sources */,
				B3B0123C2B857A4A00C4A734 /* voiceMemoUITestsLaunchTests.swift in Sources */,
			);
			runOnlyForDeploymentPostprocessing = 0;
		};
/* End PBXSourcesBuildPhase section */

/* Begin PBXTargetDependency section */
		B3B0122D2B857A4A00C4A734 /* PBXTargetDependency */ = {
			isa = PBXTargetDependency;
			target = B3B0121A2B857A4900C4A734 /* voiceMemo */;
			targetProxy = B3B0122C2B857A4A00C4A734 /* PBXContainerItemProxy */;
		};
		B3B012372B857A4A00C4A734 /* PBXTargetDependency */ = {
			isa = PBXTargetDependency;
			target = B3B0121A2B857A4900C4A734 /* voiceMemo */;
			targetProxy = B3B012362B857A4A00C4A734 /* PBXContainerItemProxy */;
		};
/* End PBXTargetDependency section */

/* Begin XCBuildConfiguration section */
		B3B0123D2B857A4A00C4A734 /* Debug */ = {
			isa = XCBuildConfiguration;
			buildSettings = {
				ALWAYS_SEARCH_USER_PATHS = NO;
				CLANG_ANALYZER_NONNULL = YES;
				CLANG_ANALYZER_NUMBER_OBJECT_CONVERSION = YES_AGGRESSIVE;
				CLANG_CXX_LANGUAGE_STANDARD = "gnu++20";
				CLANG_ENABLE_MODULES = YES;
				CLANG_ENABLE_OBJC_ARC = YES;
				CLANG_ENABLE_OBJC_WEAK = YES;
				CLANG_WARN_BLOCK_CAPTURE_AUTORELEASING = YES;
				CLANG_WARN_BOOL_CONVERSION = YES;
				CLANG_WARN_COMMA = YES;
				CLANG_WARN_CONSTANT_CONVERSION = YES;
				CLANG_WARN_DEPRECATED_OBJC_IMPLEMENTATIONS = YES;
				CLANG_WARN_DIRECT_OBJC_ISA_USAGE = YES_ERROR;
				CLANG_WARN_DOCUMENTATION_COMMENTS = YES;
				CLANG_WARN_EMPTY_BODY = YES;
				CLANG_WARN_ENUM_CONVERSION = YES;
				CLANG_WARN_INFINITE_RECURSION = YES;
				CLANG_WARN_INT_CONVERSION = YES;
				CLANG_WARN_NON_LITERAL_NULL_CONVERSION = YES;
				CLANG_WARN_OBJC_IMPLICIT_RETAIN_SELF = YES;
				CLANG_WARN_OBJC_LITERAL_CONVERSION = YES;
				CLANG_WARN_OBJC_ROOT_CLASS = YES_ERROR;
				CLANG_WARN_QUOTED_INCLUDE_IN_FRAMEWORK_HEADER = YES;
				CLANG_WARN_RANGE_LOOP_ANALYSIS = YES;
				CLANG_WARN_STRICT_PROTOTYPES = YES;
				CLANG_WARN_SUSPICIOUS_MOVE = YES;
				CLANG_WARN_UNGUARDED_AVAILABILITY = YES_AGGRESSIVE;
				CLANG_WARN_UNREACHABLE_CODE = YES;
				CLANG_WARN__DUPLICATE_METHOD_MATCH = YES;
				COPY_PHASE_STRIP = NO;
				DEBUG_INFORMATION_FORMAT = dwarf;
				ENABLE_STRICT_OBJC_MSGSEND = YES;
				ENABLE_TESTABILITY = YES;
				GCC_C_LANGUAGE_STANDARD = gnu11;
				GCC_DYNAMIC_NO_PIC = NO;
				GCC_NO_COMMON_BLOCKS = YES;
				GCC_OPTIMIZATION_LEVEL = 0;
				GCC_PREPROCESSOR_DEFINITIONS = (
					"DEBUG=1",
					"$(inherited)",
				);
				GCC_WARN_64_TO_32_BIT_CONVERSION = YES;
				GCC_WARN_ABOUT_RETURN_TYPE = YES_ERROR;
				GCC_WARN_UNDECLARED_SELECTOR = YES;
				GCC_WARN_UNINITIALIZED_AUTOS = YES_AGGRESSIVE;
				GCC_WARN_UNUSED_FUNCTION = YES;
				GCC_WARN_UNUSED_VARIABLE = YES;
				IPHONEOS_DEPLOYMENT_TARGET = 16.2;
				MTL_ENABLE_DEBUG_INFO = INCLUDE_SOURCE;
				MTL_FAST_MATH = YES;
				ONLY_ACTIVE_ARCH = YES;
				SDKROOT = iphoneos;
				SWIFT_ACTIVE_COMPILATION_CONDITIONS = DEBUG;
				SWIFT_OPTIMIZATION_LEVEL = "-Onone";
			};
			name = Debug;
		};
		B3B0123E2B857A4A00C4A734 /* Release */ = {
			isa = XCBuildConfiguration;
			buildSettings = {
				ALWAYS_SEARCH_USER_PATHS = NO;
				CLANG_ANALYZER_NONNULL = YES;
				CLANG_ANALYZER_NUMBER_OBJECT_CONVERSION = YES_AGGRESSIVE;
				CLANG_CXX_LANGUAGE_STANDARD = "gnu++20";
				CLANG_ENABLE_MODULES = YES;
				CLANG_ENABLE_OBJC_ARC = YES;
				CLANG_ENABLE_OBJC_WEAK = YES;
				CLANG_WARN_BLOCK_CAPTURE_AUTORELEASING = YES;
				CLANG_WARN_BOOL_CONVERSION = YES;
				CLANG_WARN_COMMA = YES;
				CLANG_WARN_CONSTANT_CONVERSION = YES;
				CLANG_WARN_DEPRECATED_OBJC_IMPLEMENTATIONS = YES;
				CLANG_WARN_DIRECT_OBJC_ISA_USAGE = YES_ERROR;
				CLANG_WARN_DOCUMENTATION_COMMENTS = YES;
				CLANG_WARN_EMPTY_BODY = YES;
				CLANG_WARN_ENUM_CONVERSION = YES;
				CLANG_WARN_INFINITE_RECURSION = YES;
				CLANG_WARN_INT_CONVERSION = YES;
				CLANG_WARN_NON_LITERAL_NULL_CONVERSION = YES;
				CLANG_WARN_OBJC_IMPLICIT_RETAIN_SELF = YES;
				CLANG_WARN_OBJC_LITERAL_CONVERSION = YES;
				CLANG_WARN_OBJC_ROOT_CLASS = YES_ERROR;
				CLANG_WARN_QUOTED_INCLUDE_IN_FRAMEWORK_HEADER = YES;
				CLANG_WARN_RANGE_LOOP_ANALYSIS = YES;
				CLANG_WARN_STRICT_PROTOTYPES = YES;
				CLANG_WARN_SUSPICIOUS_MOVE = YES;
				CLANG_WARN_UNGUARDED_AVAILABILITY = YES_AGGRESSIVE;
				CLANG_WARN_UNREACHABLE_CODE = YES;
				CLANG_WARN__DUPLICATE_METHOD_MATCH = YES;
				COPY_PHASE_STRIP = NO;
				DEBUG_INFORMATION_FORMAT = "dwarf-with-dsym";
				ENABLE_NS_ASSERTIONS = NO;
				ENABLE_STRICT_OBJC_MSGSEND = YES;
				GCC_C_LANGUAGE_STANDARD = gnu11;
				GCC_NO_COMMON_BLOCKS = YES;
				GCC_WARN_64_TO_32_BIT_CONVERSION = YES;
				GCC_WARN_ABOUT_RETURN_TYPE = YES_ERROR;
				GCC_WARN_UNDECLARED_SELECTOR = YES;
				GCC_WARN_UNINITIALIZED_AUTOS = YES_AGGRESSIVE;
				GCC_WARN_UNUSED_FUNCTION = YES;
				GCC_WARN_UNUSED_VARIABLE = YES;
				IPHONEOS_DEPLOYMENT_TARGET = 16.2;
				MTL_ENABLE_DEBUG_INFO = NO;
				MTL_FAST_MATH = YES;
				SDKROOT = iphoneos;
				SWIFT_COMPILATION_MODE = wholemodule;
				SWIFT_OPTIMIZATION_LEVEL = "-O";
				VALIDATE_PRODUCT = YES;
			};
			name = Release;
		};
		B3B012402B857A4A00C4A734 /* Debug */ = {
			isa = XCBuildConfiguration;
			buildSettings = {
				ASSETCATALOG_COMPILER_APPICON_NAME = AppIcon;
				ASSETCATALOG_COMPILER_GLOBAL_ACCENT_COLOR_NAME = AccentColor;
				CODE_SIGN_STYLE = Automatic;
				CURRENT_PROJECT_VERSION = 1;
				DEVELOPMENT_ASSET_PATHS = "\"voiceMemo/Preview Content\"";
				ENABLE_PREVIEWS = YES;
				GENERATE_INFOPLIST_FILE = YES;
				INFOPLIST_KEY_UIApplicationSceneManifest_Generation = YES;
				INFOPLIST_KEY_UIApplicationSupportsIndirectInputEvents = YES;
				INFOPLIST_KEY_UILaunchScreen_Generation = YES;
				INFOPLIST_KEY_UISupportedInterfaceOrientations_iPad = "UIInterfaceOrientationPortrait UIInterfaceOrientationPortraitUpsideDown UIInterfaceOrientationLandscapeLeft UIInterfaceOrientationLandscapeRight";
				INFOPLIST_KEY_UISupportedInterfaceOrientations_iPhone = "UIInterfaceOrientationPortrait UIInterfaceOrientationLandscapeLeft UIInterfaceOrientationLandscapeRight";
				LD_RUNPATH_SEARCH_PATHS = (
					"$(inherited)",
					"@executable_path/Frameworks",
				);
				MARKETING_VERSION = 1.0;
				PRODUCT_BUNDLE_IDENTIFIER = test.com.voiceMemo;
				PRODUCT_NAME = "$(TARGET_NAME)";
				SWIFT_EMIT_LOC_STRINGS = YES;
				SWIFT_VERSION = 5.0;
				TARGETED_DEVICE_FAMILY = "1,2";
			};
			name = Debug;
		};
		B3B012412B857A4A00C4A734 /* Release */ = {
			isa = XCBuildConfiguration;
			buildSettings = {
				ASSETCATALOG_COMPILER_APPICON_NAME = AppIcon;
				ASSETCATALOG_COMPILER_GLOBAL_ACCENT_COLOR_NAME = AccentColor;
				CODE_SIGN_STYLE = Automatic;
				CURRENT_PROJECT_VERSION = 1;
				DEVELOPMENT_ASSET_PATHS = "\"voiceMemo/Preview Content\"";
				ENABLE_PREVIEWS = YES;
				GENERATE_INFOPLIST_FILE = YES;
				INFOPLIST_KEY_UIApplicationSceneManifest_Generation = YES;
				INFOPLIST_KEY_UIApplicationSupportsIndirectInputEvents = YES;
				INFOPLIST_KEY_UILaunchScreen_Generation = YES;
				INFOPLIST_KEY_UISupportedInterfaceOrientations_iPad = "UIInterfaceOrientationPortrait UIInterfaceOrientationPortraitUpsideDown UIInterfaceOrientationLandscapeLeft UIInterfaceOrientationLandscapeRight";
				INFOPLIST_KEY_UISupportedInterfaceOrientations_iPhone = "UIInterfaceOrientationPortrait UIInterfaceOrientationLandscapeLeft UIInterfaceOrientationLandscapeRight";
				LD_RUNPATH_SEARCH_PATHS = (
					"$(inherited)",
					"@executable_path/Frameworks",
				);
				MARKETING_VERSION = 1.0;
				PRODUCT_BUNDLE_IDENTIFIER = test.com.voiceMemo;
				PRODUCT_NAME = "$(TARGET_NAME)";
				SWIFT_EMIT_LOC_STRINGS = YES;
				SWIFT_VERSION = 5.0;
				TARGETED_DEVICE_FAMILY = "1,2";
			};
			name = Release;
		};
		B3B012432B857A4A00C4A734 /* Debug */ = {
			isa = XCBuildConfiguration;
			buildSettings = {
				ALWAYS_EMBED_SWIFT_STANDARD_LIBRARIES = YES;
				BUNDLE_LOADER = "$(TEST_HOST)";
				CODE_SIGN_STYLE = Automatic;
				CURRENT_PROJECT_VERSION = 1;
				GENERATE_INFOPLIST_FILE = YES;
				IPHONEOS_DEPLOYMENT_TARGET = 16.2;
				MARKETING_VERSION = 1.0;
				PRODUCT_BUNDLE_IDENTIFIER = test.com.voiceMemoTests;
				PRODUCT_NAME = "$(TARGET_NAME)";
				SWIFT_EMIT_LOC_STRINGS = NO;
				SWIFT_VERSION = 5.0;
				TARGETED_DEVICE_FAMILY = "1,2";
				TEST_HOST = "$(BUILT_PRODUCTS_DIR)/voiceMemo.app/$(BUNDLE_EXECUTABLE_FOLDER_PATH)/voiceMemo";
			};
			name = Debug;
		};
		B3B012442B857A4A00C4A734 /* Release */ = {
			isa = XCBuildConfiguration;
			buildSettings = {
				ALWAYS_EMBED_SWIFT_STANDARD_LIBRARIES = YES;
				BUNDLE_LOADER = "$(TEST_HOST)";
				CODE_SIGN_STYLE = Automatic;
				CURRENT_PROJECT_VERSION = 1;
				GENERATE_INFOPLIST_FILE = YES;
				IPHONEOS_DEPLOYMENT_TARGET = 16.2;
				MARKETING_VERSION = 1.0;
				PRODUCT_BUNDLE_IDENTIFIER = test.com.voiceMemoTests;
				PRODUCT_NAME = "$(TARGET_NAME)";
				SWIFT_EMIT_LOC_STRINGS = NO;
				SWIFT_VERSION = 5.0;
				TARGETED_DEVICE_FAMILY = "1,2";
				TEST_HOST = "$(BUILT_PRODUCTS_DIR)/voiceMemo.app/$(BUNDLE_EXECUTABLE_FOLDER_PATH)/voiceMemo";
			};
			name = Release;
		};
		B3B012462B857A4A00C4A734 /* Debug */ = {
			isa = XCBuildConfiguration;
			buildSettings = {
				ALWAYS_EMBED_SWIFT_STANDARD_LIBRARIES = YES;
				CODE_SIGN_STYLE = Automatic;
				CURRENT_PROJECT_VERSION = 1;
				GENERATE_INFOPLIST_FILE = YES;
				MARKETING_VERSION = 1.0;
				PRODUCT_BUNDLE_IDENTIFIER = test.com.voiceMemoUITests;
				PRODUCT_NAME = "$(TARGET_NAME)";
				SWIFT_EMIT_LOC_STRINGS = NO;
				SWIFT_VERSION = 5.0;
				TARGETED_DEVICE_FAMILY = "1,2";
				TEST_TARGET_NAME = voiceMemo;
			};
			name = Debug;
		};
		B3B012472B857A4A00C4A734 /* Release */ = {
			isa = XCBuildConfiguration;
			buildSettings = {
				ALWAYS_EMBED_SWIFT_STANDARD_LIBRARIES = YES;
				CODE_SIGN_STYLE = Automatic;
				CURRENT_PROJECT_VERSION = 1;
				GENERATE_INFOPLIST_FILE = YES;
				MARKETING_VERSION = 1.0;
				PRODUCT_BUNDLE_IDENTIFIER = test.com.voiceMemoUITests;
				PRODUCT_NAME = "$(TARGET_NAME)";
				SWIFT_EMIT_LOC_STRINGS = NO;
				SWIFT_VERSION = 5.0;
				TARGETED_DEVICE_FAMILY = "1,2";
				TEST_TARGET_NAME = voiceMemo;
			};
			name = Release;
		};
/* End XCBuildConfiguration section */

/* Begin XCConfigurationList section */
		B3B012162B857A4900C4A734 /* Build configuration list for PBXProject "voiceMemo" */ = {
			isa = XCConfigurationList;
			buildConfigurations = (
				B3B0123D2B857A4A00C4A734 /* Debug */,
				B3B0123E2B857A4A00C4A734 /* Release */,
			);
			defaultConfigurationIsVisible = 0;
			defaultConfigurationName = Release;
		};
		B3B0123F2B857A4A00C4A734 /* Build configuration list for PBXNativeTarget "voiceMemo" */ = {
			isa = XCConfigurationList;
			buildConfigurations = (
				B3B012402B857A4A00C4A734 /* Debug */,
				B3B012412B857A4A00C4A734 /* Release */,
			);
			defaultConfigurationIsVisible = 0;
			defaultConfigurationName = Release;
		};
		B3B012422B857A4A00C4A734 /* Build configuration list for PBXNativeTarget "voiceMemoTests" */ = {
			isa = XCConfigurationList;
			buildConfigurations = (
				B3B012432B857A4A00C4A734 /* Debug */,
				B3B012442B857A4A00C4A734 /* Release */,
			);
			defaultConfigurationIsVisible = 0;
			defaultConfigurationName = Release;
		};
		B3B012452B857A4A00C4A734 /* Build configuration list for PBXNativeTarget "voiceMemoUITests" */ = {
			isa = XCConfigurationList;
			buildConfigurations = (
				B3B012462B857A4A00C4A734 /* Debug */,
				B3B012472B857A4A00C4A734 /* Release */,
			);
			defaultConfigurationIsVisible = 0;
			defaultConfigurationName = Release;
		};
/* End XCConfigurationList section */
	};
	rootObject = B3B012132B857A4900C4A734 /* Project object */;
}
